{
  "version": 4,
  "terraform_version": "1.9.5",
  "serial": 6,
  "lineage": "6aeb49bf-522f-715a-edfb-304cc3be6b68",
  "outputs": {},
  "resources": [
    {
      "mode": "managed",
      "type": "local_file",
      "name": "goodbye",
      "provider": "provider[\"registry.terraform.io/hashicorp/local\"]",
      "instances": [
        {
          "schema_version": 0,
          "attributes": {
            "content": "Goodbye, Terraform",
            "content_base64": null,
            "content_base64sha256": "UC0BPEtrppMujE0pGEeWso6porNJxv4vu1x7YGOPp8g=",
            "content_base64sha512": "58vmJbYzcE59UmyjoXItr7hBFCbTT26Rd/yrXVEO6lI8w9OEfssTMDzVI974iaE9k5s9suQzc7NGHEOdzwtWHQ==",
            "content_md5": "99af943e05c3837b82fa4da1ff9b2d05",
            "content_sha1": "b3ca54015080f0c5be90342a94611021a6761df9",
            "content_sha256": "502d013c4b6ba6932e8c4d29184796b28ea9a2b349c6fe2fbb5c7b60638fa7c8",
            "content_sha512": "e7cbe625b633704e7d526ca3a1722dafb8411426d34f6e9177fcab5d510eea523cc3d3847ecb13303cd523def889a13d939b3db2e43373b3461c439dcf0b561d",
            "directory_permission": "0777",
            "file_permission": "0777",
            "filename": "./goodbyt_terraform.txt",
            "id": "b3ca54015080f0c5be90342a94611021a6761df9",
            "sensitive_content": null,
            "source": null
          },
          "sensitive_attributes": [
            [
              {
                "type": "get_attr",
                "value": "sensitive_content"
              }
            ]
          ]
        }
      ]
    },
    {
      "mode": "managed",
      "type": "local_file",
      "name": "greeting",
      "provider": "provider[\"registry.terraform.io/hashicorp/local\"]",
      "instances": [
        {
          "schema_version": 0,
          "attributes": {
            "content": "Hello, Terraform",
            "content_base64": null,
            "content_base64sha256": "RPsIELHJ0FbGjYh4oM/dgQfKXET+9fqyZN5QGgtbNuU=",
            "content_base64sha512": "gOl6rZ0jJFvfCtFvUO38PrfHCKNU31yRXMcRv7FQ7LRgB6Fw4EKUm6Wn6VHw/vHCMZmC0j4aRk0hc1iIy/91gA==",
            "content_md5": "61c7683e14de1fb3d58135a1168b7619",
            "content_sha1": "392b5481eae4ab2178340f62b752297f72695d57",
            "content_sha256": "44fb0810b1c9d056c68d8878a0cfdd8107ca5c44fef5fab264de501a0b5b36e5",
            "content_sha512": "80e97aad9d23245bdf0ad16f50edfc3eb7c708a354df5c915cc711bfb150ecb46007a170e042949ba5a7e951f0fef1c2319982d23e1a464d21735888cbff7580",
            "directory_permission": "0777",
            "file_permission": "0777",
            "filename": "./hello_terraform.txt",
            "id": "392b5481eae4ab2178340f62b752297f72695d57",
            "sensitive_content": null,
            "source": null
          },
          "sensitive_attributes": [
            [
              {
                "type": "get_attr",
                "value": "sensitive_content"
              }
            ]
          ]
        }
      ]
    }
  ],
  "check_results": null
}
